
Microsoft Visual Studio Solution File, Format Version 12.00
# Visual Studio 14
VisualStudioVersion = 14.0.25123.0
MinimumVisualStudioVersion = 10.0.40219.1
Project("{FAE04EC0-301F-11D3-BF4B-00C04F79EFBC}") = "Lab15", "Lab15\Lab15.csproj", "{A474E308-CE9C-49FD-A8E8-AFB0EF1E87FC}"
EndProject
Project("{2150E333-8FDC-42A3-9474-1A3956D46DE8}") = "Solution Items", "Solution Items", "{D3B875F5-3096-4261-9248-73C5D0452ACF}"
	ProjectSection(SolutionItems) = preProject
		Instructions.pdf = Instructions.pdf
	EndProjectSection
EndProject
Global
	GlobalSection(SolutionConfigurationPlatforms) = preSolution
		Debug|x86 = Debug|x86
		Release|x86 = Release|x86
	EndGlobalSection
	GlobalSection(ProjectConfigurationPlatforms) = postSolution
		{A474E308-CE9C-49FD-A8E8-AFB0EF1E87FC}.Debug|x86.ActiveCfg = Debug|x86
		{A474E308-CE9C-49FD-A8E8-AFB0EF1E87FC}.Debug|x86.Build.0 = Debug|x86
		{A474E308-CE9C-49FD-A8E8-AFB0EF1E87FC}.Release|x86.ActiveCfg = Release|x86
		{A474E308-CE9C-49FD-A8E8-AFB0EF1E87FC}.Release|x86.Build.0 = Release|x86
	EndGlobalSection
	GlobalSection(SolutionProperties) = preSolution
		HideSolutionNode = FALSE
	EndGlobalSection
EndGlobal
